// !$*UTF8*$!
{
	archiveVersion = 1;
	classes = {
	};
	objectVersion = 50;
	objects = {

/* Begin PBXBuildFile section */
		B2D0E82025C81869006CB7ED /* MainMenu.sks in Resources */ = {isa = PBXBuildFile; fileRef = B2D0E81F25C81869006CB7ED /* MainMenu.sks */; };
		B2D0E82525C81904006CB7ED /* MainMenu.swift in Sources */ = {isa = PBXBuildFile; fileRef = B2D0E82425C81904006CB7ED /* MainMenu.swift */; };
		B2D0E82A25C83D1D006CB7ED /* choppa.mov in Resources */ = {isa = PBXBuildFile; fileRef = B2D0E82925C83D1D006CB7ED /* choppa.mov */; };
		B2FA6D8225BF3064005278D3 /* HeliScene.swift in Sources */ = {isa = PBXBuildFile; fileRef = B2FA6D8125BF3064005278D3 /* HeliScene.swift */; };
		B2FA6D8F25BF33D3005278D3 /* HeliScene.sks in Resources */ = {isa = PBXBuildFile; fileRef = B2FA6D8E25BF33D3005278D3 /* HeliScene.sks */; };
		B47C592125BDA2BF00D54193 /* AppDelegate.swift in Sources */ = {isa = PBXBuildFile; fileRef = B47C592025BDA2BF00D54193 /* AppDelegate.swift */; };
		B47C592325BDA2BF00D54193 /* GameScene.sks in Resources */ = {isa = PBXBuildFile; fileRef = B47C592225BDA2BF00D54193 /* GameScene.sks */; };
		B47C592525BDA2BF00D54193 /* Actions.sks in Resources */ = {isa = PBXBuildFile; fileRef = B47C592425BDA2BF00D54193 /* Actions.sks */; };
		B47C592725BDA2BF00D54193 /* GameScene.swift in Sources */ = {isa = PBXBuildFile; fileRef = B47C592625BDA2BF00D54193 /* GameScene.swift */; };
		B47C592925BDA2BF00D54193 /* GameViewController.swift in Sources */ = {isa = PBXBuildFile; fileRef = B47C592825BDA2BF00D54193 /* GameViewController.swift */; };
		B47C592C25BDA2BF00D54193 /* Main.storyboard in Resources */ = {isa = PBXBuildFile; fileRef = B47C592A25BDA2BF00D54193 /* Main.storyboard */; };
		B47C592E25BDA2C000D54193 /* Assets.xcassets in Resources */ = {isa = PBXBuildFile; fileRef = B47C592D25BDA2C000D54193 /* Assets.xcassets */; };
		B47C593925BDA2C000D54193 /* oving1_pongTests.swift in Sources */ = {isa = PBXBuildFile; fileRef = B47C593825BDA2C000D54193 /* oving1_pongTests.swift */; };
		B47C594425BDA2C000D54193 /* oving1_pongUITests.swift in Sources */ = {isa = PBXBuildFile; fileRef = B47C594325BDA2C000D54193 /* oving1_pongUITests.swift */; };
/* End PBXBuildFile section */

/* Begin PBXContainerItemProxy section */
		B47C593525BDA2C000D54193 /* PBXContainerItemProxy */ = {
			isa = PBXContainerItemProxy;
			containerPortal = B47C591525BDA2BF00D54193 /* Project object */;
			proxyType = 1;
			remoteGlobalIDString = B47C591C25BDA2BF00D54193;
			remoteInfo = "oving1-pong";
		};
		B47C594025BDA2C000D54193 /* PBXContainerItemProxy */ = {
			isa = PBXContainerItemProxy;
			containerPortal = B47C591525BDA2BF00D54193 /* Project object */;
			proxyType = 1;
			remoteGlobalIDString = B47C591C25BDA2BF00D54193;
			remoteInfo = "oving1-pong";
		};
/* End PBXContainerItemProxy section */

/* Begin PBXFileReference section */
		B2D0E81F25C81869006CB7ED /* MainMenu.sks */ = {isa = PBXFileReference; lastKnownFileType = file.sks; path = MainMenu.sks; sourceTree = "<group>"; };
		B2D0E82425C81904006CB7ED /* MainMenu.swift */ = {isa = PBXFileReference; lastKnownFileType = sourcecode.swift; path = MainMenu.swift; sourceTree = "<group>"; };
		B2D0E82925C83D1D006CB7ED /* choppa.mov */ = {isa = PBXFileReference; lastKnownFileType = video.quicktime; path = choppa.mov; sourceTree = "<group>"; };
		B2FA6D8125BF3064005278D3 /* HeliScene.swift */ = {isa = PBXFileReference; lastKnownFileType = sourcecode.swift; path = HeliScene.swift; sourceTree = "<group>"; };
		B2FA6D8E25BF33D3005278D3 /* HeliScene.sks */ = {isa = PBXFileReference; lastKnownFileType = file.sks; path = HeliScene.sks; sourceTree = "<group>"; };
		B47C591D25BDA2BF00D54193 /* oving1-pong.app */ = {isa = PBXFileReference; explicitFileType = wrapper.application; includeInIndex = 0; path = "oving1-pong.app"; sourceTree = BUILT_PRODUCTS_DIR; };
		B47C592025BDA2BF00D54193 /* AppDelegate.swift */ = {isa = PBXFileReference; lastKnownFileType = sourcecode.swift; path = AppDelegate.swift; sourceTree = "<group>"; };
		B47C592225BDA2BF00D54193 /* GameScene.sks */ = {isa = PBXFileReference; lastKnownFileType = file.sks; path = GameScene.sks; sourceTree = "<group>"; };
		B47C592425BDA2BF00D54193 /* Actions.sks */ = {isa = PBXFileReference; lastKnownFileType = file.sks; path = Actions.sks; sourceTree = "<group>"; };
		B47C592625BDA2BF00D54193 /* GameScene.swift */ = {isa = PBXFileReference; lastKnownFileType = sourcecode.swift; path = GameScene.swift; sourceTree = "<group>"; };
		B47C592825BDA2BF00D54193 /* GameViewController.swift */ = {isa = PBXFileReference; lastKnownFileType = sourcecode.swift; path = GameViewController.swift; sourceTree = "<group>"; };
		B47C592B25BDA2BF00D54193 /* Base */ = {isa = PBXFileReference; lastKnownFileType = file.storyboard; name = Base; path = Base.lproj/Main.storyboard; sourceTree = "<group>"; };
		B47C592D25BDA2C000D54193 /* Assets.xcassets */ = {isa = PBXFileReference; lastKnownFileType = folder.assetcatalog; path = Assets.xcassets; sourceTree = "<group>"; };
		B47C592F25BDA2C000D54193 /* Info.plist */ = {isa = PBXFileReference; lastKnownFileType = text.plist.xml; path = Info.plist; sourceTree = "<group>"; };
		B47C593425BDA2C000D54193 /* oving1-pongTests.xctest */ = {isa = PBXFileReference; explicitFileType = wrapper.cfbundle; includeInIndex = 0; path = "oving1-pongTests.xctest"; sourceTree = BUILT_PRODUCTS_DIR; };
		B47C593825BDA2C000D54193 /* oving1_pongTests.swift */ = {isa = PBXFileReference; lastKnownFileType = sourcecode.swift; path = oving1_pongTests.swift; sourceTree = "<group>"; };
		B47C593A25BDA2C000D54193 /* Info.plist */ = {isa = PBXFileReference; lastKnownFileType = text.plist.xml; path = Info.plist; sourceTree = "<group>"; };
		B47C593F25BDA2C000D54193 /* oving1-pongUITests.xctest */ = {isa = PBXFileReference; explicitFileType = wrapper.cfbundle; includeInIndex = 0; path = "oving1-pongUITests.xctest"; sourceTree = BUILT_PRODUCTS_DIR; };
		B47C594325BDA2C000D54193 /* oving1_pongUITests.swift */ = {isa = PBXFileReference; lastKnownFileType = sourcecode.swift; path = oving1_pongUITests.swift; sourceTree = "<group>"; };
		B47C594525BDA2C000D54193 /* Info.plist */ = {isa = PBXFileReference; lastKnownFileType = text.plist.xml; path = Info.plist; sourceTree = "<group>"; };
/* End PBXFileReference section */

/* Begin PBXFrameworksBuildPhase section */
		B47C591A25BDA2BF00D54193 /* Frameworks */ = {
			isa = PBXFrameworksBuildPhase;
			buildActionMask = 2147483647;
			files = (
			);
			runOnlyForDeploymentPostprocessing = 0;
		};
		B47C593125BDA2C000D54193 /* Frameworks */ = {
			isa = PBXFrameworksBuildPhase;
			buildActionMask = 2147483647;
			files = (
			);
			runOnlyForDeploymentPostprocessing = 0;
		};
		B47C593C25BDA2C000D54193 /* Frameworks */ = {
			isa = PBXFrameworksBuildPhase;
			buildActionMask = 2147483647;
			files = (
			);
			runOnlyForDeploymentPostprocessing = 0;
		};
/* End PBXFrameworksBuildPhase section */

/* Begin PBXGroup section */
		B47C591425BDA2BF00D54193 = {
			isa = PBXGroup;
			children = (
				B47C591F25BDA2BF00D54193 /* oving1-pong */,
				B47C593725BDA2C000D54193 /* oving1-pongTests */,
				B47C594225BDA2C000D54193 /* oving1-pongUITests */,
				B47C591E25BDA2BF00D54193 /* Products */,
			);
			sourceTree = "<group>";
		};
		B47C591E25BDA2BF00D54193 /* Products */ = {
			isa = PBXGroup;
			children = (
				B47C591D25BDA2BF00D54193 /* oving1-pong.app */,
				B47C593425BDA2C000D54193 /* oving1-pongTests.xctest */,
				B47C593F25BDA2C000D54193 /* oving1-pongUITests.xctest */,
			);
			name = Products;
			sourceTree = "<group>";
		};
		B47C591F25BDA2BF00D54193 /* oving1-pong */ = {
			isa = PBXGroup;
			children = (
				B47C592025BDA2BF00D54193 /* AppDelegate.swift */,
				B47C592225BDA2BF00D54193 /* GameScene.sks */,
				B2FA6D8E25BF33D3005278D3 /* HeliScene.sks */,
				B47C592425BDA2BF00D54193 /* Actions.sks */,
				B47C592625BDA2BF00D54193 /* GameScene.swift */,
				B2FA6D8125BF3064005278D3 /* HeliScene.swift */,
				B47C592825BDA2BF00D54193 /* GameViewController.swift */,
				B47C592A25BDA2BF00D54193 /* Main.storyboard */,
				B2D0E82925C83D1D006CB7ED /* choppa.mov */,
				B47C592D25BDA2C000D54193 /* Assets.xcassets */,
				B47C592F25BDA2C000D54193 /* Info.plist */,
				B2D0E81F25C81869006CB7ED /* MainMenu.sks */,
				B2D0E82425C81904006CB7ED /* MainMenu.swift */,
			);
			path = "oving1-pong";
			sourceTree = "<group>";
		};
		B47C593725BDA2C000D54193 /* oving1-pongTests */ = {
			isa = PBXGroup;
			children = (
				B47C593825BDA2C000D54193 /* oving1_pongTests.swift */,
				B47C593A25BDA2C000D54193 /* Info.plist */,
			);
			path = "oving1-pongTests";
			sourceTree = "<group>";
		};
		B47C594225BDA2C000D54193 /* oving1-pongUITests */ = {
			isa = PBXGroup;
			children = (
				B47C594325BDA2C000D54193 /* oving1_pongUITests.swift */,
				B47C594525BDA2C000D54193 /* Info.plist */,
			);
			path = "oving1-pongUITests";
			sourceTree = "<group>";
		};
/* End PBXGroup section */

/* Begin PBXNativeTarget section */
		B47C591C25BDA2BF00D54193 /* oving1-pong */ = {
			isa = PBXNativeTarget;
			buildConfigurationList = B47C594825BDA2C000D54193 /* Build configuration list for PBXNativeTarget "oving1-pong" */;
			buildPhases = (
				B47C591925BDA2BF00D54193 /* Sources */,
				B47C591A25BDA2BF00D54193 /* Frameworks */,
				B47C591B25BDA2BF00D54193 /* Resources */,
			);
			buildRules = (
			);
			dependencies = (
			);
			name = "oving1-pong";
			productName = "oving1-pong";
			productReference = B47C591D25BDA2BF00D54193 /* oving1-pong.app */;
			productType = "com.apple.product-type.application";
		};
		B47C593325BDA2C000D54193 /* oving1-pongTests */ = {
			isa = PBXNativeTarget;
			buildConfigurationList = B47C594B25BDA2C000D54193 /* Build configuration list for PBXNativeTarget "oving1-pongTests" */;
			buildPhases = (
				B47C593025BDA2C000D54193 /* Sources */,
				B47C593125BDA2C000D54193 /* Frameworks */,
				B47C593225BDA2C000D54193 /* Resources */,
			);
			buildRules = (
			);
			dependencies = (
				B47C593625BDA2C000D54193 /* PBXTargetDependency */,
			);
			name = "oving1-pongTests";
			productName = "oving1-pongTests";
			productReference = B47C593425BDA2C000D54193 /* oving1-pongTests.xctest */;
			productType = "com.apple.product-type.bundle.unit-test";
		};
		B47C593E25BDA2C000D54193 /* oving1-pongUITests */ = {
			isa = PBXNativeTarget;
			buildConfigurationList = B47C594E25BDA2C000D54193 /* Build configuration list for PBXNativeTarget "oving1-pongUITests" */;
			buildPhases = (
				B47C593B25BDA2C000D54193 /* Sources */,
				B47C593C25BDA2C000D54193 /* Frameworks */,
				B47C593D25BDA2C000D54193 /* Resources */,
			);
			buildRules = (
			);
			dependencies = (
				B47C594125BDA2C000D54193 /* PBXTargetDependency */,
			);
			name = "oving1-pongUITests";
			productName = "oving1-pongUITests";
			productReference = B47C593F25BDA2C000D54193 /* oving1-pongUITests.xctest */;
			productType = "com.apple.product-type.bundle.ui-testing";
		};
/* End PBXNativeTarget section */

/* Begin PBXProject section */
		B47C591525BDA2BF00D54193 /* Project object */ = {
			isa = PBXProject;
			attributes = {
				LastSwiftUpdateCheck = 1230;
				LastUpgradeCheck = 1230;
				TargetAttributes = {
					B47C591C25BDA2BF00D54193 = {
						CreatedOnToolsVersion = 12.3;
					};
					B47C593325BDA2C000D54193 = {
						CreatedOnToolsVersion = 12.3;
						TestTargetID = B47C591C25BDA2BF00D54193;
					};
					B47C593E25BDA2C000D54193 = {
						CreatedOnToolsVersion = 12.3;
						TestTargetID = B47C591C25BDA2BF00D54193;
					};
				};
			};
			buildConfigurationList = B47C591825BDA2BF00D54193 /* Build configuration list for PBXProject "oving1-pong" */;
			compatibilityVersion = "Xcode 9.3";
			developmentRegion = en;
			hasScannedForEncodings = 0;
			knownRegions = (
				en,
				Base,
			);
			mainGroup = B47C591425BDA2BF00D54193;
			productRefGroup = B47C591E25BDA2BF00D54193 /* Products */;
			projectDirPath = "";
			projectRoot = "";
			targets = (
				B47C591C25BDA2BF00D54193 /* oving1-pong */,
				B47C593325BDA2C000D54193 /* oving1-pongTests */,
				B47C593E25BDA2C000D54193 /* oving1-pongUITests */,
			);
		};
/* End PBXProject section */

/* Begin PBXResourcesBuildPhase section */
		B47C591B25BDA2BF00D54193 /* Resources */ = {
			isa = PBXResourcesBuildPhase;
			buildActionMask = 2147483647;
			files = (
				B47C592C25BDA2BF00D54193 /* Main.storyboard in Resources */,
				B2D0E82A25C83D1D006CB7ED /* choppa.mov in Resources */,
				B2D0E82025C81869006CB7ED /* MainMenu.sks in Resources */,
				B47C592325BDA2BF00D54193 /* GameScene.sks in Resources */,
				B47C592E25BDA2C000D54193 /* Assets.xcassets in Resources */,
				B47C592525BDA2BF00D54193 /* Actions.sks in Resources */,
				B2FA6D8F25BF33D3005278D3 /* HeliScene.sks in Resources */,
			);
			runOnlyForDeploymentPostprocessing = 0;
		};
		B47C593225BDA2C000D54193 /* Resources */ = {
			isa = PBXResourcesBuildPhase;
			buildActionMask = 2147483647;
			files = (
			);
			runOnlyForDeploymentPostprocessing = 0;
		};
		B47C593D25BDA2C000D54193 /* Resources */ = {
			isa = PBXResourcesBuildPhase;
			buildActionMask = 2147483647;
			files = (
			);
			runOnlyForDeploymentPostprocessing = 0;
		};
/* End PBXResourcesBuildPhase section */

/* Begin PBXSourcesBuildPhase section */
		B47C591925BDA2BF00D54193 /* Sources */ = {
			isa = PBXSourcesBuildPhase;
			buildActionMask = 2147483647;
			files = (
				B2D0E82525C81904006CB7ED /* MainMenu.swift in Sources */,
				B47C592725BDA2BF00D54193 /* GameScene.swift in Sources */,
				B47C592925BDA2BF00D54193 /* GameViewController.swift in Sources */,
				B2FA6D8225BF3064005278D3 /* HeliScene.swift in Sources */,
				B47C592125BDA2BF00D54193 /* AppDelegate.swift in Sources */,
			);
			runOnlyForDeploymentPostprocessing = 0;
		};
		B47C593025BDA2C000D54193 /* Sources */ = {
			isa = PBXSourcesBuildPhase;
			buildActionMask = 2147483647;
			files = (
				B47C593925BDA2C000D54193 /* oving1_pongTests.swift in Sources */,
			);
			runOnlyForDeploymentPostprocessing = 0;
		};
		B47C593B25BDA2C000D54193 /* Sources */ = {
			isa = PBXSourcesBuildPhase;
			buildActionMask = 2147483647;
			files = (
				B47C594425BDA2C000D54193 /* oving1_pongUITests.swift in Sources */,
			);
			runOnlyForDeploymentPostprocessing = 0;
		};
/* End PBXSourcesBuildPhase section */

/* Begin PBXTargetDependency section */
		B47C593625BDA2C000D54193 /* PBXTargetDependency */ = {
			isa = PBXTargetDependency;
			target = B47C591C25BDA2BF00D54193 /* oving1-pong */;
			targetProxy = B47C593525BDA2C000D54193 /* PBXContainerItemProxy */;
		};
		B47C594125BDA2C000D54193 /* PBXTargetDependency */ = {
			isa = PBXTargetDependency;
			target = B47C591C25BDA2BF00D54193 /* oving1-pong */;
			targetProxy = B47C594025BDA2C000D54193 /* PBXContainerItemProxy */;
		};
/* End PBXTargetDependency section */

/* Begin PBXVariantGroup section */
		B47C592A25BDA2BF00D54193 /* Main.storyboard */ = {
			isa = PBXVariantGroup;
			children = (
				B47C592B25BDA2BF00D54193 /* Base */,
			);
			name = Main.storyboard;
			sourceTree = "<group>";
		};
/* End PBXVariantGroup section */

/* Begin XCBuildConfiguration section */
		B47C594625BDA2C000D54193 /* Debug */ = {
			isa = XCBuildConfiguration;
			buildSettings = {
				ALWAYS_SEARCH_USER_PATHS = NO;
				CLANG_ANALYZER_NONNULL = YES;
				CLANG_ANALYZER_NUMBER_OBJECT_CONVERSION = YES_AGGRESSIVE;
				CLANG_CXX_LANGUAGE_STANDARD = "gnu++14";
				CLANG_CXX_LIBRARY = "libc++";
				CLANG_ENABLE_MODULES = YES;
				CLANG_ENABLE_OBJC_ARC = YES;
				CLANG_ENABLE_OBJC_WEAK = YES;
				CLANG_WARN_BLOCK_CAPTURE_AUTORELEASING = YES;
				CLANG_WARN_BOOL_CONVERSION = YES;
				CLANG_WARN_COMMA = YES;
				CLANG_WARN_CONSTANT_CONVERSION = YES;
				CLANG_WARN_DEPRECATED_OBJC_IMPLEMENTATIONS = YES;
				CLANG_WARN_DIRECT_OBJC_ISA_USAGE = YES_ERROR;
				CLANG_WARN_DOCUMENTATION_COMMENTS = YES;
				CLANG_WARN_EMPTY_BODY = YES;
				CLANG_WARN_ENUM_CONVERSION = YES;
				CLANG_WARN_INFINITE_RECURSION = YES;
				CLANG_WARN_INT_CONVERSION = YES;
				CLANG_WARN_NON_LITERAL_NULL_CONVERSION = YES;
				CLANG_WARN_OBJC_IMPLICIT_RETAIN_SELF = YES;
				CLANG_WARN_OBJC_LITERAL_CONVERSION = YES;
				CLANG_WARN_OBJC_ROOT_CLASS = YES_ERROR;
				CLANG_WARN_QUOTED_INCLUDE_IN_FRAMEWORK_HEADER = YES;
				CLANG_WARN_RANGE_LOOP_ANALYSIS = YES;
				CLANG_WARN_STRICT_PROTOTYPES = YES;
				CLANG_WARN_SUSPICIOUS_MOVE = YES;
				CLANG_WARN_UNGUARDED_AVAILABILITY = YES_AGGRESSIVE;
				CLANG_WARN_UNREACHABLE_CODE = YES;
				CLANG_WARN__DUPLICATE_METHOD_MATCH = YES;
				COPY_PHASE_STRIP = NO;
				DEBUG_INFORMATION_FORMAT = dwarf;
				ENABLE_STRICT_OBJC_MSGSEND = YES;
				ENABLE_TESTABILITY = YES;
				GCC_C_LANGUAGE_STANDARD = gnu11;
				GCC_DYNAMIC_NO_PIC = NO;
				GCC_NO_COMMON_BLOCKS = YES;
				GCC_OPTIMIZATION_LEVEL = 0;
				GCC_PREPROCESSOR_DEFINITIONS = (
					"DEBUG=1",
					"$(inherited)",
				);
				GCC_WARN_64_TO_32_BIT_CONVERSION = YES;
				GCC_WARN_ABOUT_RETURN_TYPE = YES_ERROR;
				GCC_WARN_UNDECLARED_SELECTOR = YES;
				GCC_WARN_UNINITIALIZED_AUTOS = YES_AGGRESSIVE;
				GCC_WARN_UNUSED_FUNCTION = YES;
				GCC_WARN_UNUSED_VARIABLE = YES;
				IPHONEOS_DEPLOYMENT_TARGET = 14.3;
				MTL_ENABLE_DEBUG_INFO = INCLUDE_SOURCE;
				MTL_FAST_MATH = YES;
				ONLY_ACTIVE_ARCH = YES;
				SDKROOT = iphoneos;
				SWIFT_ACTIVE_COMPILATION_CONDITIONS = DEBUG;
				SWIFT_OPTIMIZATION_LEVEL = "-Onone";
			};
			name = Debug;
		};
		B47C594725BDA2C000D54193 /* Release */ = {
			isa = XCBuildConfiguration;
			buildSettings = {
				ALWAYS_SEARCH_USER_PATHS = NO;
				CLANG_ANALYZER_NONNULL = YES;
				CLANG_ANALYZER_NUMBER_OBJECT_CONVERSION = YES_AGGRESSIVE;
				CLANG_CXX_LANGUAGE_STANDARD = "gnu++14";
				CLANG_CXX_LIBRARY = "libc++";
				CLANG_ENABLE_MODULES = YES;
				CLANG_ENABLE_OBJC_ARC = YES;
				CLANG_ENABLE_OBJC_WEAK = YES;
				CLANG_WARN_BLOCK_CAPTURE_AUTORELEASING = YES;
				CLANG_WARN_BOOL_CONVERSION = YES;
				CLANG_WARN_COMMA = YES;
				CLANG_WARN_CONSTANT_CONVERSION = YES;
				CLANG_WARN_DEPRECATED_OBJC_IMPLEMENTATIONS = YES;
				CLANG_WARN_DIRECT_OBJC_ISA_USAGE = YES_ERROR;
				CLANG_WARN_DOCUMENTATION_COMMENTS = YES;
				CLANG_WARN_EMPTY_BODY = YES;
				CLANG_WARN_ENUM_CONVERSION = YES;
				CLANG_WARN_INFINITE_RECURSION = YES;
				CLANG_WARN_INT_CONVERSION = YES;
				CLANG_WARN_NON_LITERAL_NULL_CONVERSION = YES;
				CLANG_WARN_OBJC_IMPLICIT_RETAIN_SELF = YES;
				CLANG_WARN_OBJC_LITERAL_CONVERSION = YES;
				CLANG_WARN_OBJC_ROOT_CLASS = YES_ERROR;
				CLANG_WARN_QUOTED_INCLUDE_IN_FRAMEWORK_HEADER = YES;
				CLANG_WARN_RANGE_LOOP_ANALYSIS = YES;
				CLANG_WARN_STRICT_PROTOTYPES = YES;
				CLANG_WARN_SUSPICIOUS_MOVE = YES;
				CLANG_WARN_UNGUARDED_AVAILABILITY = YES_AGGRESSIVE;
				CLANG_WARN_UNREACHABLE_CODE = YES;
				CLANG_WARN__DUPLICATE_METHOD_MATCH = YES;
				COPY_PHASE_STRIP = NO;
				DEBUG_INFORMATION_FORMAT = "dwarf-with-dsym";
				ENABLE_NS_ASSERTIONS = NO;
				ENABLE_STRICT_OBJC_MSGSEND = YES;
				GCC_C_LANGUAGE_STANDARD = gnu11;
				GCC_NO_COMMON_BLOCKS = YES;
				GCC_WARN_64_TO_32_BIT_CONVERSION = YES;
				GCC_WARN_ABOUT_RETURN_TYPE = YES_ERROR;
				GCC_WARN_UNDECLARED_SELECTOR = YES;
				GCC_WARN_UNINITIALIZED_AUTOS = YES_AGGRESSIVE;
				GCC_WARN_UNUSED_FUNCTION = YES;
				GCC_WARN_UNUSED_VARIABLE = YES;
				IPHONEOS_DEPLOYMENT_TARGET = 14.3;
				MTL_ENABLE_DEBUG_INFO = NO;
				MTL_FAST_MATH = YES;
				SDKROOT = iphoneos;
				SWIFT_COMPILATION_MODE = wholemodule;
				SWIFT_OPTIMIZATION_LEVEL = "-O";
				VALIDATE_PRODUCT = YES;
			};
			name = Release;
		};
		B47C594925BDA2C000D54193 /* Debug */ = {
			isa = XCBuildConfiguration;
			buildSettings = {
				ASSETCATALOG_COMPILER_APPICON_NAME = AppIcon;
				ASSETCATALOG_COMPILER_GLOBAL_ACCENT_COLOR_NAME = AccentColor;
				CODE_SIGN_STYLE = Automatic;
				DEVELOPMENT_TEAM = VA36HUDM6L;
				INFOPLIST_FILE = "oving1-pong/Info.plist";
				LD_RUNPATH_SEARCH_PATHS = (
					"$(inherited)",
					"@executable_path/Frameworks",
				);
				PRODUCT_BUNDLE_IDENTIFIER = "com.jens.oving1-pong";
				PRODUCT_NAME = "$(TARGET_NAME)";
				SWIFT_VERSION = 5.0;
				TARGETED_DEVICE_FAMILY = "1,2";
			};
			name = Debug;
		};
		B47C594A25BDA2C000D54193 /* Release */ = {
			isa = XCBuildConfiguration;
			buildSettings = {
				ASSETCATALOG_COMPILER_APPICON_NAME = AppIcon;
				ASSETCATALOG_COMPILER_GLOBAL_ACCENT_COLOR_NAME = AccentColor;
				CODE_SIGN_STYLE = Automatic;
				DEVELOPMENT_TEAM = VA36HUDM6L;
				INFOPLIST_FILE = "oving1-pong/Info.plist";
				LD_RUNPATH_SEARCH_PATHS = (
					"$(inherited)",
					"@executable_path/Frameworks",
				);
				PRODUCT_BUNDLE_IDENTIFIER = "com.jens.oving1-pong";
				PRODUCT_NAME = "$(TARGET_NAME)";
				SWIFT_VERSION = 5.0;
				TARGETED_DEVICE_FAMILY = "1,2";
			};
			name = Release;
		};
		B47C594C25BDA2C000D54193 /* Debug */ = {
			isa = XCBuildConfiguration;
			buildSettings = {
				ALWAYS_EMBED_SWIFT_STANDARD_LIBRARIES = YES;
				BUNDLE_LOADER = "$(TEST_HOST)";
				CODE_SIGN_STYLE = Automatic;
				INFOPLIST_FILE = "oving1-pongTests/Info.plist";
				IPHONEOS_DEPLOYMENT_TARGET = 14.3;
				LD_RUNPATH_SEARCH_PATHS = (
					"$(inherited)",
					"@executable_path/Frameworks",
					"@loader_path/Frameworks",
				);
				PRODUCT_BUNDLE_IDENTIFIER = "com.jens.oving1-pongTests";
				PRODUCT_NAME = "$(TARGET_NAME)";
				SWIFT_VERSION = 5.0;
				TARGETED_DEVICE_FAMILY = "1,2";
				TEST_HOST = "$(BUILT_PRODUCTS_DIR)/oving1-pong.app/oving1-pong";
			};
			name = Debug;
		};
		B47C594D25BDA2C000D54193 /* Release */ = {
			isa = XCBuildConfiguration;
			buildSettings = {
				ALWAYS_EMBED_SWIFT_STANDARD_LIBRARIES = YES;
				BUNDLE_LOADER = "$(TEST_HOST)";
				CODE_SIGN_STYLE = Automatic;
				INFOPLIST_FILE = "oving1-pongTests/Info.plist";
				IPHONEOS_DEPLOYMENT_TARGET = 14.3;
				LD_RUNPATH_SEARCH_PATHS = (
					"$(inherited)",
					"@executable_path/Frameworks",
					"@loader_path/Frameworks",
				);
				PRODUCT_BUNDLE_IDENTIFIER = "com.jens.oving1-pongTests";
				PRODUCT_NAME = "$(TARGET_NAME)";
				SWIFT_VERSION = 5.0;
				TARGETED_DEVICE_FAMILY = "1,2";
				TEST_HOST = "$(BUILT_PRODUCTS_DIR)/oving1-pong.app/oving1-pong";
			};
			name = Release;
		};
		B47C594F25BDA2C000D54193 /* Debug */ = {
			isa = XCBuildConfiguration;
			buildSettings = {
				ALWAYS_EMBED_SWIFT_STANDARD_LIBRARIES = YES;
				CODE_SIGN_STYLE = Automatic;
				INFOPLIST_FILE = "oving1-pongUITests/Info.plist";
				LD_RUNPATH_SEARCH_PATHS = (
					"$(inherited)",
					"@executable_path/Frameworks",
					"@loader_path/Frameworks",
				);
				PRODUCT_BUNDLE_IDENTIFIER = "com.jens.oving1-pongUITests";
				PRODUCT_NAME = "$(TARGET_NAME)";
				SWIFT_VERSION = 5.0;
				TARGETED_DEVICE_FAMILY = "1,2";
				TEST_TARGET_NAME = "oving1-pong";
			};
			name = Debug;
		};
		B47C595025BDA2C000D54193 /* Release */ = {
			isa = XCBuildConfiguration;
			buildSettings = {
				ALWAYS_EMBED_SWIFT_STANDARD_LIBRARIES = YES;
				CODE_SIGN_STYLE = Automatic;
				INFOPLIST_FILE = "oving1-pongUITests/Info.plist";
				LD_RUNPATH_SEARCH_PATHS = (
					"$(inherited)",
					"@executable_path/Frameworks",
					"@loader_path/Frameworks",
				);
				PRODUCT_BUNDLE_IDENTIFIER = "com.jens.oving1-pongUITests";
				PRODUCT_NAME = "$(TARGET_NAME)";
				SWIFT_VERSION = 5.0;
				TARGETED_DEVICE_FAMILY = "1,2";
				TEST_TARGET_NAME = "oving1-pong";
			};
			name = Release;
		};
/* End XCBuildConfiguration section */

/* Begin XCConfigurationList section */
		B47C591825BDA2BF00D54193 /* Build configuration list for PBXProject "oving1-pong" */ = {
			isa = XCConfigurationList;
			buildConfigurations = (
				B47C594625BDA2C000D54193 /* Debug */,
				B47C594725BDA2C000D54193 /* Release */,
			);
			defaultConfigurationIsVisible = 0;
			defaultConfigurationName = Release;
		};
		B47C594825BDA2C000D54193 /* Build configuration list for PBXNativeTarget "oving1-pong" */ = {
			isa = XCConfigurationList;
			buildConfigurations = (
				B47C594925BDA2C000D54193 /* Debug */,
				B47C594A25BDA2C000D54193 /* Release */,
			);
			defaultConfigurationIsVisible = 0;
			defaultConfigurationName = Release;
		};
		B47C594B25BDA2C000D54193 /* Build configuration list for PBXNativeTarget "oving1-pongTests" */ = {
			isa = XCConfigurationList;
			buildConfigurations = (
				B47C594C25BDA2C000D54193 /* Debug */,
				B47C594D25BDA2C000D54193 /* Release */,
			);
			defaultConfigurationIsVisible = 0;
			defaultConfigurationName = Release;
		};
		B47C594E25BDA2C000D54193 /* Build configuration list for PBXNativeTarget "oving1-pongUITests" */ = {
			isa = XCConfigurationList;
			buildConfigurations = (
				B47C594F25BDA2C000D54193 /* Debug */,
				B47C595025BDA2C000D54193 /* Release */,
			);
			defaultConfigurationIsVisible = 0;
			defaultConfigurationName = Release;
		};
/* End XCConfigurationList section */
	};
	rootObject = B47C591525BDA2BF00D54193 /* Project object */;
}
